
Microsoft Visual Studio Solution File, Format Version 12.00
# Visual Studio Version 17
VisualStudioVersion = 17.0.31903.59
MinimumVisualStudioVersion = 10.0.40219.1
Project("{FAE04EC0-301F-11D3-BF4B-00C04F79EFBC}") = "InvestingExile.Domain", "InvestingExile.Domain\InvestingExile.Domain.csproj", "{39D762E8-4D51-4D83-B7EC-52A4267B256A}"
EndProject
Project("{FAE04EC0-301F-11D3-BF4B-00C04F79EFBC}") = "InvestingExile.Pipeline", "InvestingExile.Pipeline\InvestingExile.Pipeline.csproj", "{55098B0D-2129-45B1-916D-2073E358D747}"
EndProject
Project("{FAE04EC0-301F-11D3-BF4B-00C04F79EFBC}") = "InvestingExile.Api", "InvestingExile.Api\InvestingExile.Api.csproj", "{9648CC76-452E-4DD0-B13E-0E07714E23D5}"
EndProject
Project("{FAE04EC0-301F-11D3-BF4B-00C04F79EFBC}") = "InvestingExile.Tests", "InvestingExile.Tests\InvestingExile.Tests.csproj", "{F00CCE11-C4FD-4B72-A255-CA0C870D310F}"
EndProject
Global
	GlobalSection(SolutionConfigurationPlatforms) = preSolution
		Debug|Any CPU = Debug|Any CPU
		Release|Any CPU = Release|Any CPU
	EndGlobalSection
	GlobalSection(SolutionProperties) = preSolution
		HideSolutionNode = FALSE
	EndGlobalSection
	GlobalSection(ProjectConfigurationPlatforms) = postSolution
		{39D762E8-4D51-4D83-B7EC-52A4267B256A}.Debug|Any CPU.ActiveCfg = Debug|Any CPU
		{39D762E8-4D51-4D83-B7EC-52A4267B256A}.Debug|Any CPU.Build.0 = Debug|Any CPU
		{39D762E8-4D51-4D83-B7EC-52A4267B256A}.Release|Any CPU.ActiveCfg = Release|Any CPU
		{39D762E8-4D51-4D83-B7EC-52A4267B256A}.Release|Any CPU.Build.0 = Release|Any CPU
		{55098B0D-2129-45B1-916D-2073E358D747}.Debug|Any CPU.ActiveCfg = Debug|Any CPU
		{55098B0D-2129-45B1-916D-2073E358D747}.Debug|Any CPU.Build.0 = Debug|Any CPU
		{55098B0D-2129-45B1-916D-2073E358D747}.Release|Any CPU.ActiveCfg = Release|Any CPU
		{55098B0D-2129-45B1-916D-2073E358D747}.Release|Any CPU.Build.0 = Release|Any CPU
		{9648CC76-452E-4DD0-B13E-0E07714E23D5}.Debug|Any CPU.ActiveCfg = Debug|Any CPU
		{9648CC76-452E-4DD0-B13E-0E07714E23D5}.Debug|Any CPU.Build.0 = Debug|Any CPU
		{9648CC76-452E-4DD0-B13E-0E07714E23D5}.Release|Any CPU.ActiveCfg = Release|Any CPU
		{9648CC76-452E-4DD0-B13E-0E07714E23D5}.Release|Any CPU.Build.0 = Release|Any CPU
		{F00CCE11-C4FD-4B72-A255-CA0C870D310F}.Debug|Any CPU.ActiveCfg = Debug|Any CPU
		{F00CCE11-C4FD-4B72-A255-CA0C870D310F}.Debug|Any CPU.Build.0 = Debug|Any CPU
		{F00CCE11-C4FD-4B72-A255-CA0C870D310F}.Release|Any CPU.ActiveCfg = Release|Any CPU
		{F00CCE11-C4FD-4B72-A255-CA0C870D310F}.Release|Any CPU.Build.0 = Release|Any CPU
	EndGlobalSection
EndGlobal
